
Microsoft Visual Studio Solution File, Format Version 12.00
# Visual Studio Version 16
VisualStudioVersion = 16.0.31025.194
MinimumVisualStudioVersion = 10.0.40219.1
Project("{FAE04EC0-301F-11D3-BF4B-00C04F79EFBC}") = "abstractFactory", "abstractFactory\abstractFactory.csproj", "{6FC6FF8A-7FC8-40C3-86A3-AEAC3150F66A}"
EndProject
Global
	GlobalSection(SolutionConfigurationPlatforms) = preSolution
		Debug|Any CPU = Debug|Any CPU
		Release|Any CPU = Release|Any CPU
	EndGlobalSection
	GlobalSection(ProjectConfigurationPlatforms) = postSolution
		{6FC6FF8A-7FC8-40C3-86A3-AEAC3150F66A}.Debug|Any CPU.ActiveCfg = Debug|Any CPU
		{6FC6FF8A-7FC8-40C3-86A3-AEAC3150F66A}.Debug|Any CPU.Build.0 = Debug|Any CPU
		{6FC6FF8A-7FC8-40C3-86A3-AEAC3150F66A}.Release|Any CPU.ActiveCfg = Release|Any CPU
		{6FC6FF8A-7FC8-40C3-86A3-AEAC3150F66A}.Release|Any CPU.Build.0 = Release|Any CPU
	EndGlobalSection
	GlobalSection(SolutionProperties) = preSolution
		HideSolutionNode = FALSE
	EndGlobalSection
	GlobalSection(ExtensibilityGlobals) = postSolution
		SolutionGuid = {B18CF440-86C0-4CE4-ABAA-0D4B1C585B20}
	EndGlobalSection
EndGlobal
